// !$*UTF8*$!
{
	archiveVersion = 1;
	classes = {
	};
	objectVersion = 56;
	objects = {

/* Begin PBXBuildFile section */
		65292D012B17D90400A3500D /* LittleLemonAppApp.swift in Sources */ = {isa = PBXBuildFile; fileRef = 65292D002B17D90400A3500D /* LittleLemonAppApp.swift */; };
		65292D052B17D90600A3500D /* Assets.xcassets in Resources */ = {isa = PBXBuildFile; fileRef = 65292D042B17D90600A3500D /* Assets.xcassets */; };
		65292D092B17D90600A3500D /* Preview Assets.xcassets in Resources */ = {isa = PBXBuildFile; fileRef = 65292D082B17D90600A3500D /* Preview Assets.xcassets */; };
		65E3ED2E2B18ACED00DFB145 /* Onboarding.swift in Sources */ = {isa = PBXBuildFile; fileRef = 65E3ED2D2B18ACED00DFB145 /* Onboarding.swift */; };
		65E3ED302B18BC8200DFB145 /* Home.swift in Sources */ = {isa = PBXBuildFile; fileRef = 65E3ED2F2B18BC8200DFB145 /* Home.swift */; };
		65E3ED322B18BCBB00DFB145 /* Menu.swift in Sources */ = {isa = PBXBuildFile; fileRef = 65E3ED312B18BCBB00DFB145 /* Menu.swift */; };
		65E3ED392B18F0AA00DFB145 /* FetchedObjects.swift in Sources */ = {isa = PBXBuildFile; fileRef = 65E3ED372B18F0AA00DFB145 /* FetchedObjects.swift */; };
		65E3ED3A2B18F0AA00DFB145 /* Persistence.swift in Sources */ = {isa = PBXBuildFile; fileRef = 65E3ED382B18F0AA00DFB145 /* Persistence.swift */; };
		65E3ED402B18F18100DFB145 /* ExampleDatabase.xcdatamodeld in Sources */ = {isa = PBXBuildFile; fileRef = 65E3ED3E2B18F18100DFB145 /* ExampleDatabase.xcdatamodeld */; };
		65E3ED432B19C79B00DFB145 /* MenuList.swift in Sources */ = {isa = PBXBuildFile; fileRef = 65E3ED422B19C79B00DFB145 /* MenuList.swift */; };
		65E3ED452B19C7A800DFB145 /* MenuItem.swift in Sources */ = {isa = PBXBuildFile; fileRef = 65E3ED442B19C7A800DFB145 /* MenuItem.swift */; };
		65E3ED482B19CDA600DFB145 /* MenuItemView.swift in Sources */ = {isa = PBXBuildFile; fileRef = 65E3ED472B19CDA600DFB145 /* MenuItemView.swift */; };
		65E3ED4B2B19D6F000DFB145 /* LoginKeys.swift in Sources */ = {isa = PBXBuildFile; fileRef = 65E3ED4A2B19D6F000DFB145 /* LoginKeys.swift */; };
		65E3ED4F2B19D95700DFB145 /* MenuCategory.swift in Sources */ = {isa = PBXBuildFile; fileRef = 65E3ED4E2B19D95700DFB145 /* MenuCategory.swift */; };
		65E3ED512B19DB8600DFB145 /* UserProfile.swift in Sources */ = {isa = PBXBuildFile; fileRef = 65E3ED502B19DB8600DFB145 /* UserProfile.swift */; };
		65E3ED532B19DC4100DFB145 /* MarkaziText-VariableFont_wght.ttf in Resources */ = {isa = PBXBuildFile; fileRef = 65E3ED522B19DC4100DFB145 /* MarkaziText-VariableFont_wght.ttf */; };
		65E3ED552B19DC4900DFB145 /* Karla-VariableFont_wght.ttf in Resources */ = {isa = PBXBuildFile; fileRef = 65E3ED542B19DC4900DFB145 /* Karla-VariableFont_wght.ttf */; };
		65E3ED582B19E9B700DFB145 /* ItemDetail.swift in Sources */ = {isa = PBXBuildFile; fileRef = 65E3ED572B19E9B700DFB145 /* ItemDetail.swift */; };
/* End PBXBuildFile section */

/* Begin PBXFileReference section */
		65292CFD2B17D90400A3500D /* LittleLemonApp.app */ = {isa = PBXFileReference; explicitFileType = wrapper.application; includeInIndex = 0; path = LittleLemonApp.app; sourceTree = BUILT_PRODUCTS_DIR; };
		65292D002B17D90400A3500D /* LittleLemonAppApp.swift */ = {isa = PBXFileReference; lastKnownFileType = sourcecode.swift; path = LittleLemonAppApp.swift; sourceTree = "<group>"; };
		65292D042B17D90600A3500D /* Assets.xcassets */ = {isa = PBXFileReference; lastKnownFileType = folder.assetcatalog; path = Assets.xcassets; sourceTree = "<group>"; };
		65292D062B17D90600A3500D /* LittleLemonApp.entitlements */ = {isa = PBXFileReference; lastKnownFileType = text.plist.entitlements; path = LittleLemonApp.entitlements; sourceTree = "<group>"; };
		65292D082B17D90600A3500D /* Preview Assets.xcassets */ = {isa = PBXFileReference; lastKnownFileType = folder.assetcatalog; path = "Preview Assets.xcassets"; sourceTree = "<group>"; };
		65E3ED2D2B18ACED00DFB145 /* Onboarding.swift */ = {isa = PBXFileReference; lastKnownFileType = sourcecode.swift; path = Onboarding.swift; sourceTree = "<group>"; };
		65E3ED2F2B18BC8200DFB145 /* Home.swift */ = {isa = PBXFileReference; lastKnownFileType = sourcecode.swift; path = Home.swift; sourceTree = "<group>"; };
		65E3ED312B18BCBB00DFB145 /* Menu.swift */ = {isa = PBXFileReference; lastKnownFileType = sourcecode.swift; path = Menu.swift; sourceTree = "<group>"; };
		65E3ED372B18F0AA00DFB145 /* FetchedObjects.swift */ = {isa = PBXFileReference; fileEncoding = 4; lastKnownFileType = sourcecode.swift; path = FetchedObjects.swift; sourceTree = "<group>"; };
		65E3ED382B18F0AA00DFB145 /* Persistence.swift */ = {isa = PBXFileReference; fileEncoding = 4; lastKnownFileType = sourcecode.swift; path = Persistence.swift; sourceTree = "<group>"; };
		65E3ED3F2B18F18100DFB145 /* ExampleDatabase.xcdatamodel */ = {isa = PBXFileReference; lastKnownFileType = wrapper.xcdatamodel; path = ExampleDatabase.xcdatamodel; sourceTree = "<group>"; };
		65E3ED422B19C79B00DFB145 /* MenuList.swift */ = {isa = PBXFileReference; lastKnownFileType = sourcecode.swift; path = MenuList.swift; sourceTree = "<group>"; };
		65E3ED442B19C7A800DFB145 /* MenuItem.swift */ = {isa = PBXFileReference; lastKnownFileType = sourcecode.swift; path = MenuItem.swift; sourceTree = "<group>"; };
		65E3ED472B19CDA600DFB145 /* MenuItemView.swift */ = {isa = PBXFileReference; lastKnownFileType = sourcecode.swift; path = MenuItemView.swift; sourceTree = "<group>"; };
		65E3ED4A2B19D6F000DFB145 /* LoginKeys.swift */ = {isa = PBXFileReference; lastKnownFileType = sourcecode.swift; path = LoginKeys.swift; sourceTree = "<group>"; };
		65E3ED4E2B19D95700DFB145 /* MenuCategory.swift */ = {isa = PBXFileReference; lastKnownFileType = sourcecode.swift; path = MenuCategory.swift; sourceTree = "<group>"; };
		65E3ED502B19DB8600DFB145 /* UserProfile.swift */ = {isa = PBXFileReference; lastKnownFileType = sourcecode.swift; path = UserProfile.swift; sourceTree = "<group>"; };
		65E3ED522B19DC4100DFB145 /* MarkaziText-VariableFont_wght.ttf */ = {isa = PBXFileReference; lastKnownFileType = file; path = "MarkaziText-VariableFont_wght.ttf"; sourceTree = "<group>"; };
		65E3ED542B19DC4900DFB145 /* Karla-VariableFont_wght.ttf */ = {isa = PBXFileReference; lastKnownFileType = file; path = "Karla-VariableFont_wght.ttf"; sourceTree = "<group>"; };
		65E3ED562B19DC9C00DFB145 /* Info.plist */ = {isa = PBXFileReference; lastKnownFileType = text.plist; path = Info.plist; sourceTree = "<group>"; };
		65E3ED572B19E9B700DFB145 /* ItemDetail.swift */ = {isa = PBXFileReference; lastKnownFileType = sourcecode.swift; path = ItemDetail.swift; sourceTree = "<group>"; };
/* End PBXFileReference section */

/* Begin PBXFrameworksBuildPhase section */
		65292CFA2B17D90400A3500D /* Frameworks */ = {
			isa = PBXFrameworksBuildPhase;
			buildActionMask = 2147483647;
			files = (
			);
			runOnlyForDeploymentPostprocessing = 0;
		};
/* End PBXFrameworksBuildPhase section */

/* Begin PBXGroup section */
		65292CF42B17D90400A3500D = {
			isa = PBXGroup;
			children = (
				65292CFF2B17D90400A3500D /* LittleLemonApp */,
				65292CFE2B17D90400A3500D /* Products */,
			);
			sourceTree = "<group>";
		};
		65292CFE2B17D90400A3500D /* Products */ = {
			isa = PBXGroup;
			children = (
				65292CFD2B17D90400A3500D /* LittleLemonApp.app */,
			);
			name = Products;
			sourceTree = "<group>";
		};
		65292CFF2B17D90400A3500D /* LittleLemonApp */ = {
			isa = PBXGroup;
			children = (
				65E3ED562B19DC9C00DFB145 /* Info.plist */,
				65292D002B17D90400A3500D /* LittleLemonAppApp.swift */,
				65E3ED462B19CD8C00DFB145 /* Views */,
				65E3ED3C2B18F0FB00DFB145 /* ViewModels */,
				65E3ED492B19D6C500DFB145 /* Models */,
				65E3ED3B2B18F0DF00DFB145 /* CoreData */,
				65E3ED4C2B19D73200DFB145 /* Media */,
				65292D062B17D90600A3500D /* LittleLemonApp.entitlements */,
				65292D072B17D90600A3500D /* Preview Content */,
			);
			path = LittleLemonApp;
			sourceTree = "<group>";
		};
		65292D072B17D90600A3500D /* Preview Content */ = {
			isa = PBXGroup;
			children = (
				65292D082B17D90600A3500D /* Preview Assets.xcassets */,
			);
			path = "Preview Content";
			sourceTree = "<group>";
		};
		65E3ED3B2B18F0DF00DFB145 /* CoreData */ = {
			isa = PBXGroup;
			children = (
				65E3ED372B18F0AA00DFB145 /* FetchedObjects.swift */,
				65E3ED382B18F0AA00DFB145 /* Persistence.swift */,
				65E3ED3E2B18F18100DFB145 /* ExampleDatabase.xcdatamodeld */,
			);
			path = CoreData;
			sourceTree = "<group>";
		};
		65E3ED3C2B18F0FB00DFB145 /* ViewModels */ = {
			isa = PBXGroup;
			children = (
				65E3ED422B19C79B00DFB145 /* MenuList.swift */,
				65E3ED442B19C7A800DFB145 /* MenuItem.swift */,
				65E3ED4E2B19D95700DFB145 /* MenuCategory.swift */,
			);
			path = ViewModels;
			sourceTree = "<group>";
		};
		65E3ED462B19CD8C00DFB145 /* Views */ = {
			isa = PBXGroup;
			children = (
				65E3ED2D2B18ACED00DFB145 /* Onboarding.swift */,
				65E3ED2F2B18BC8200DFB145 /* Home.swift */,
				65E3ED312B18BCBB00DFB145 /* Menu.swift */,
				65E3ED472B19CDA600DFB145 /* MenuItemView.swift */,
				65E3ED502B19DB8600DFB145 /* UserProfile.swift */,
				65E3ED572B19E9B700DFB145 /* ItemDetail.swift */,
			);
			path = Views;
			sourceTree = "<group>";
		};
		65E3ED492B19D6C500DFB145 /* Models */ = {
			isa = PBXGroup;
			children = (
				65E3ED4A2B19D6F000DFB145 /* LoginKeys.swift */,
			);
			path = Models;
			sourceTree = "<group>";
		};
		65E3ED4C2B19D73200DFB145 /* Media */ = {
			isa = PBXGroup;
			children = (
				65E3ED4D2B19D75900DFB145 /* Fonts */,
				65292D042B17D90600A3500D /* Assets.xcassets */,
			);
			path = Media;
			sourceTree = "<group>";
		};
		65E3ED4D2B19D75900DFB145 /* Fonts */ = {
			isa = PBXGroup;
			children = (
				65E3ED522B19DC4100DFB145 /* MarkaziText-VariableFont_wght.ttf */,
				65E3ED542B19DC4900DFB145 /* Karla-VariableFont_wght.ttf */,
			);
			path = Fonts;
			sourceTree = "<group>";
		};
/* End PBXGroup section */

/* Begin PBXNativeTarget section */
		65292CFC2B17D90400A3500D /* LittleLemonApp */ = {
			isa = PBXNativeTarget;
			buildConfigurationList = 65292D0C2B17D90600A3500D /* Build configuration list for PBXNativeTarget "LittleLemonApp" */;
			buildPhases = (
				65292CF92B17D90400A3500D /* Sources */,
				65292CFA2B17D90400A3500D /* Frameworks */,
				65292CFB2B17D90400A3500D /* Resources */,
			);
			buildRules = (
			);
			dependencies = (
			);
			name = LittleLemonApp;
			productName = LittleLemonApp;
			productReference = 65292CFD2B17D90400A3500D /* LittleLemonApp.app */;
			productType = "com.apple.product-type.application";
		};
/* End PBXNativeTarget section */

/* Begin PBXProject section */
		65292CF52B17D90400A3500D /* Project object */ = {
			isa = PBXProject;
			attributes = {
				BuildIndependentTargetsInParallel = 1;
				LastSwiftUpdateCheck = 1500;
				LastUpgradeCheck = 1500;
				TargetAttributes = {
					65292CFC2B17D90400A3500D = {
						CreatedOnToolsVersion = 15.0.1;
					};
				};
			};
			buildConfigurationList = 65292CF82B17D90400A3500D /* Build configuration list for PBXProject "LittleLemonApp" */;
			compatibilityVersion = "Xcode 14.0";
			developmentRegion = en;
			hasScannedForEncodings = 0;
			knownRegions = (
				en,
				Base,
			);
			mainGroup = 65292CF42B17D90400A3500D;
			productRefGroup = 65292CFE2B17D90400A3500D /* Products */;
			projectDirPath = "";
			projectRoot = "";
			targets = (
				65292CFC2B17D90400A3500D /* LittleLemonApp */,
			);
		};
/* End PBXProject section */

/* Begin PBXResourcesBuildPhase section */
		65292CFB2B17D90400A3500D /* Resources */ = {
			isa = PBXResourcesBuildPhase;
			buildActionMask = 2147483647;
			files = (
				65292D092B17D90600A3500D /* Preview Assets.xcassets in Resources */,
				65E3ED552B19DC4900DFB145 /* Karla-VariableFont_wght.ttf in Resources */,
				65E3ED532B19DC4100DFB145 /* MarkaziText-VariableFont_wght.ttf in Resources */,
				65292D052B17D90600A3500D /* Assets.xcassets in Resources */,
			);
			runOnlyForDeploymentPostprocessing = 0;
		};
/* End PBXResourcesBuildPhase section */

/* Begin PBXSourcesBuildPhase section */
		65292CF92B17D90400A3500D /* Sources */ = {
			isa = PBXSourcesBuildPhase;
			buildActionMask = 2147483647;
			files = (
				65E3ED2E2B18ACED00DFB145 /* Onboarding.swift in Sources */,
				65E3ED402B18F18100DFB145 /* ExampleDatabase.xcdatamodeld in Sources */,
				65E3ED4B2B19D6F000DFB145 /* LoginKeys.swift in Sources */,
				65E3ED432B19C79B00DFB145 /* MenuList.swift in Sources */,
				65E3ED4F2B19D95700DFB145 /* MenuCategory.swift in Sources */,
				65E3ED302B18BC8200DFB145 /* Home.swift in Sources */,
				65E3ED322B18BCBB00DFB145 /* Menu.swift in Sources */,
				65E3ED582B19E9B700DFB145 /* ItemDetail.swift in Sources */,
				65E3ED3A2B18F0AA00DFB145 /* Persistence.swift in Sources */,
				65E3ED452B19C7A800DFB145 /* MenuItem.swift in Sources */,
				65E3ED392B18F0AA00DFB145 /* FetchedObjects.swift in Sources */,
				65292D012B17D90400A3500D /* LittleLemonAppApp.swift in Sources */,
				65E3ED482B19CDA600DFB145 /* MenuItemView.swift in Sources */,
				65E3ED512B19DB8600DFB145 /* UserProfile.swift in Sources */,
			);
			runOnlyForDeploymentPostprocessing = 0;
		};
/* End PBXSourcesBuildPhase section */

/* Begin XCBuildConfiguration section */
		65292D0A2B17D90600A3500D /* Debug */ = {
			isa = XCBuildConfiguration;
			buildSettings = {
				ALWAYS_SEARCH_USER_PATHS = NO;
				ASSETCATALOG_COMPILER_GENERATE_SWIFT_ASSET_SYMBOL_EXTENSIONS = YES;
				CLANG_ANALYZER_NONNULL = YES;
				CLANG_ANALYZER_NUMBER_OBJECT_CONVERSION = YES_AGGRESSIVE;
				CLANG_CXX_LANGUAGE_STANDARD = "gnu++20";
				CLANG_ENABLE_MODULES = YES;
				CLANG_ENABLE_OBJC_ARC = YES;
				CLANG_ENABLE_OBJC_WEAK = YES;
				CLANG_WARN_BLOCK_CAPTURE_AUTORELEASING = YES;
				CLANG_WARN_BOOL_CONVERSION = YES;
				CLANG_WARN_COMMA = YES;
				CLANG_WARN_CONSTANT_CONVERSION = YES;
				CLANG_WARN_DEPRECATED_OBJC_IMPLEMENTATIONS = YES;
				CLANG_WARN_DIRECT_OBJC_ISA_USAGE = YES_ERROR;
				CLANG_WARN_DOCUMENTATION_COMMENTS = YES;
				CLANG_WARN_EMPTY_BODY = YES;
				CLANG_WARN_ENUM_CONVERSION = YES;
				CLANG_WARN_INFINITE_RECURSION = YES;
				CLANG_WARN_INT_CONVERSION = YES;
				CLANG_WARN_NON_LITERAL_NULL_CONVERSION = YES;
				CLANG_WARN_OBJC_IMPLICIT_RETAIN_SELF = YES;
				CLANG_WARN_OBJC_LITERAL_CONVERSION = YES;
				CLANG_WARN_OBJC_ROOT_CLASS = YES_ERROR;
				CLANG_WARN_QUOTED_INCLUDE_IN_FRAMEWORK_HEADER = YES;
				CLANG_WARN_RANGE_LOOP_ANALYSIS = YES;
				CLANG_WARN_STRICT_PROTOTYPES = YES;
				CLANG_WARN_SUSPICIOUS_MOVE = YES;
				CLANG_WARN_UNGUARDED_AVAILABILITY = YES_AGGRESSIVE;
				CLANG_WARN_UNREACHABLE_CODE = YES;
				CLANG_WARN__DUPLICATE_METHOD_MATCH = YES;
				COPY_PHASE_STRIP = NO;
				DEBUG_INFORMATION_FORMAT = dwarf;
				ENABLE_STRICT_OBJC_MSGSEND = YES;
				ENABLE_TESTABILITY = YES;
				ENABLE_USER_SCRIPT_SANDBOXING = YES;
				GCC_C_LANGUAGE_STANDARD = gnu17;
				GCC_DYNAMIC_NO_PIC = NO;
				GCC_NO_COMMON_BLOCKS = YES;
				GCC_OPTIMIZATION_LEVEL = 0;
				GCC_PREPROCESSOR_DEFINITIONS = (
					"DEBUG=1",
					"$(inherited)",
				);
				GCC_WARN_64_TO_32_BIT_CONVERSION = YES;
				GCC_WARN_ABOUT_RETURN_TYPE = YES_ERROR;
				GCC_WARN_UNDECLARED_SELECTOR = YES;
				GCC_WARN_UNINITIALIZED_AUTOS = YES_AGGRESSIVE;
				GCC_WARN_UNUSED_FUNCTION = YES;
				GCC_WARN_UNUSED_VARIABLE = YES;
				LOCALIZATION_PREFERS_STRING_CATALOGS = YES;
				MTL_ENABLE_DEBUG_INFO = INCLUDE_SOURCE;
				MTL_FAST_MATH = YES;
				ONLY_ACTIVE_ARCH = YES;
				SWIFT_ACTIVE_COMPILATION_CONDITIONS = "DEBUG $(inherited)";
				SWIFT_OPTIMIZATION_LEVEL = "-Onone";
			};
			name = Debug;
		};
		65292D0B2B17D90600A3500D /* Release */ = {
			isa = XCBuildConfiguration;
			buildSettings = {
				ALWAYS_SEARCH_USER_PATHS = NO;
				ASSETCATALOG_COMPILER_GENERATE_SWIFT_ASSET_SYMBOL_EXTENSIONS = YES;
				CLANG_ANALYZER_NONNULL = YES;
				CLANG_ANALYZER_NUMBER_OBJECT_CONVERSION = YES_AGGRESSIVE;
				CLANG_CXX_LANGUAGE_STANDARD = "gnu++20";
				CLANG_ENABLE_MODULES = YES;
				CLANG_ENABLE_OBJC_ARC = YES;
				CLANG_ENABLE_OBJC_WEAK = YES;
				CLANG_WARN_BLOCK_CAPTURE_AUTORELEASING = YES;
				CLANG_WARN_BOOL_CONVERSION = YES;
				CLANG_WARN_COMMA = YES;
				CLANG_WARN_CONSTANT_CONVERSION = YES;
				CLANG_WARN_DEPRECATED_OBJC_IMPLEMENTATIONS = YES;
				CLANG_WARN_DIRECT_OBJC_ISA_USAGE = YES_ERROR;
				CLANG_WARN_DOCUMENTATION_COMMENTS = YES;
				CLANG_WARN_EMPTY_BODY = YES;
				CLANG_WARN_ENUM_CONVERSION = YES;
				CLANG_WARN_INFINITE_RECURSION = YES;
				CLANG_WARN_INT_CONVERSION = YES;
				CLANG_WARN_NON_LITERAL_NULL_CONVERSION = YES;
				CLANG_WARN_OBJC_IMPLICIT_RETAIN_SELF = YES;
				CLANG_WARN_OBJC_LITERAL_CONVERSION = YES;
				CLANG_WARN_OBJC_ROOT_CLASS = YES_ERROR;
				CLANG_WARN_QUOTED_INCLUDE_IN_FRAMEWORK_HEADER = YES;
				CLANG_WARN_RANGE_LOOP_ANALYSIS = YES;
				CLANG_WARN_STRICT_PROTOTYPES = YES;
				CLANG_WARN_SUSPICIOUS_MOVE = YES;
				CLANG_WARN_UNGUARDED_AVAILABILITY = YES_AGGRESSIVE;
				CLANG_WARN_UNREACHABLE_CODE = YES;
				CLANG_WARN__DUPLICATE_METHOD_MATCH = YES;
				COPY_PHASE_STRIP = NO;
				DEBUG_INFORMATION_FORMAT = "dwarf-with-dsym";
				ENABLE_NS_ASSERTIONS = NO;
				ENABLE_STRICT_OBJC_MSGSEND = YES;
				ENABLE_USER_SCRIPT_SANDBOXING = YES;
				GCC_C_LANGUAGE_STANDARD = gnu17;
				GCC_NO_COMMON_BLOCKS = YES;
				GCC_WARN_64_TO_32_BIT_CONVERSION = YES;
				GCC_WARN_ABOUT_RETURN_TYPE = YES_ERROR;
				GCC_WARN_UNDECLARED_SELECTOR = YES;
				GCC_WARN_UNINITIALIZED_AUTOS = YES_AGGRESSIVE;
				GCC_WARN_UNUSED_FUNCTION = YES;
				GCC_WARN_UNUSED_VARIABLE = YES;
				LOCALIZATION_PREFERS_STRING_CATALOGS = YES;
				MTL_ENABLE_DEBUG_INFO = NO;
				MTL_FAST_MATH = YES;
				SWIFT_COMPILATION_MODE = wholemodule;
			};
			name = Release;
		};
		65292D0D2B17D90600A3500D /* Debug */ = {
			isa = XCBuildConfiguration;
			buildSettings = {
				ASSETCATALOG_COMPILER_APPICON_NAME = AppIcon;
				ASSETCATALOG_COMPILER_GLOBAL_ACCENT_COLOR_NAME = AccentColor;
				CODE_SIGN_ENTITLEMENTS = LittleLemonApp/LittleLemonApp.entitlements;
				CODE_SIGN_STYLE = Automatic;
				CURRENT_PROJECT_VERSION = 1;
				DEVELOPMENT_ASSET_PATHS = "\"LittleLemonApp/Preview Content\"";
				DEVELOPMENT_TEAM = 4P3J54S6VX;
				ENABLE_HARDENED_RUNTIME = YES;
				ENABLE_PREVIEWS = YES;
				GENERATE_INFOPLIST_FILE = YES;
				INFOPLIST_FILE = LittleLemonApp/Info.plist;
				INFOPLIST_KEY_LSApplicationCategoryType = "";
				"INFOPLIST_KEY_UIApplicationSceneManifest_Generation[sdk=iphoneos*]" = YES;
				"INFOPLIST_KEY_UIApplicationSceneManifest_Generation[sdk=iphonesimulator*]" = YES;
				"INFOPLIST_KEY_UIApplicationSupportsIndirectInputEvents[sdk=iphoneos*]" = YES;
				"INFOPLIST_KEY_UIApplicationSupportsIndirectInputEvents[sdk=iphonesimulator*]" = YES;
				"INFOPLIST_KEY_UILaunchScreen_Generation[sdk=iphoneos*]" = YES;
				"INFOPLIST_KEY_UILaunchScreen_Generation[sdk=iphonesimulator*]" = YES;
				"INFOPLIST_KEY_UIStatusBarStyle[sdk=iphoneos*]" = UIStatusBarStyleDefault;
				"INFOPLIST_KEY_UIStatusBarStyle[sdk=iphonesimulator*]" = UIStatusBarStyleDefault;
				INFOPLIST_KEY_UISupportedInterfaceOrientations_iPad = "UIInterfaceOrientationPortrait UIInterfaceOrientationPortraitUpsideDown UIInterfaceOrientationLandscapeLeft UIInterfaceOrientationLandscapeRight";
				IPHONEOS_DEPLOYMENT_TARGET = 16.0;
				LD_RUNPATH_SEARCH_PATHS = "@executable_path/Frameworks";
				"LD_RUNPATH_SEARCH_PATHS[sdk=macosx*]" = "@executable_path/../Frameworks";
				MACOSX_DEPLOYMENT_TARGET = 14.0;
				MARKETING_VERSION = 1.0;
				PRODUCT_BUNDLE_IDENTIFIER = MariiaTkachenkova.LittleLemonApp;
				PRODUCT_NAME = "$(TARGET_NAME)";
				SDKROOT = auto;
				SUPPORTED_PLATFORMS = "iphoneos iphonesimulator macosx";
				SWIFT_EMIT_LOC_STRINGS = YES;
				SWIFT_VERSION = 5.0;
				TARGETED_DEVICE_FAMILY = "1,2";
			};
			name = Debug;
		};
		65292D0E2B17D90600A3500D /* Release */ = {
			isa = XCBuildConfiguration;
			buildSettings = {
				ASSETCATALOG_COMPILER_APPICON_NAME = AppIcon;
				ASSETCATALOG_COMPILER_GLOBAL_ACCENT_COLOR_NAME = AccentColor;
				CODE_SIGN_ENTITLEMENTS = LittleLemonApp/LittleLemonApp.entitlements;
				CODE_SIGN_STYLE = Automatic;
				CURRENT_PROJECT_VERSION = 1;
				DEVELOPMENT_ASSET_PATHS = "\"LittleLemonApp/Preview Content\"";
				DEVELOPMENT_TEAM = 4P3J54S6VX;
				ENABLE_HARDENED_RUNTIME = YES;
				ENABLE_PREVIEWS = YES;
				GENERATE_INFOPLIST_FILE = YES;
				INFOPLIST_FILE = LittleLemonApp/Info.plist;
				INFOPLIST_KEY_LSApplicationCategoryType = "";
				"INFOPLIST_KEY_UIApplicationSceneManifest_Generation[sdk=iphoneos*]" = YES;
				"INFOPLIST_KEY_UIApplicationSceneManifest_Generation[sdk=iphonesimulator*]" = YES;
				"INFOPLIST_KEY_UIApplicationSupportsIndirectInputEvents[sdk=iphoneos*]" = YES;
				"INFOPLIST_KEY_UIApplicationSupportsIndirectInputEvents[sdk=iphonesimulator*]" = YES;
				"INFOPLIST_KEY_UILaunchScreen_Generation[sdk=iphoneos*]" = YES;
				"INFOPLIST_KEY_UILaunchScreen_Generation[sdk=iphonesimulator*]" = YES;
				"INFOPLIST_KEY_UIStatusBarStyle[sdk=iphoneos*]" = UIStatusBarStyleDefault;
				"INFOPLIST_KEY_UIStatusBarStyle[sdk=iphonesimulator*]" = UIStatusBarStyleDefault;
				INFOPLIST_KEY_UISupportedInterfaceOrientations_iPad = "UIInterfaceOrientationPortrait UIInterfaceOrientationPortraitUpsideDown UIInterfaceOrientationLandscapeLeft UIInterfaceOrientationLandscapeRight";
				IPHONEOS_DEPLOYMENT_TARGET = 16.0;
				LD_RUNPATH_SEARCH_PATHS = "@executable_path/Frameworks";
				"LD_RUNPATH_SEARCH_PATHS[sdk=macosx*]" = "@executable_path/../Frameworks";
				MACOSX_DEPLOYMENT_TARGET = 14.0;
				MARKETING_VERSION = 1.0;
				PRODUCT_BUNDLE_IDENTIFIER = MariiaTkachenkova.LittleLemonApp;
				PRODUCT_NAME = "$(TARGET_NAME)";
				SDKROOT = auto;
				SUPPORTED_PLATFORMS = "iphoneos iphonesimulator macosx";
				SWIFT_EMIT_LOC_STRINGS = YES;
				SWIFT_VERSION = 5.0;
				TARGETED_DEVICE_FAMILY = "1,2";
			};
			name = Release;
		};
/* End XCBuildConfiguration section */

/* Begin XCConfigurationList section */
		65292CF82B17D90400A3500D /* Build configuration list for PBXProject "LittleLemonApp" */ = {
			isa = XCConfigurationList;
			buildConfigurations = (
				65292D0A2B17D90600A3500D /* Debug */,
				65292D0B2B17D90600A3500D /* Release */,
			);
			defaultConfigurationIsVisible = 0;
			defaultConfigurationName = Release;
		};
		65292D0C2B17D90600A3500D /* Build configuration list for PBXNativeTarget "LittleLemonApp" */ = {
			isa = XCConfigurationList;
			buildConfigurations = (
				65292D0D2B17D90600A3500D /* Debug */,
				65292D0E2B17D90600A3500D /* Release */,
			);
			defaultConfigurationIsVisible = 0;
			defaultConfigurationName = Release;
		};
/* End XCConfigurationList section */

/* Begin XCVersionGroup section */
		65E3ED3E2B18F18100DFB145 /* ExampleDatabase.xcdatamodeld */ = {
			isa = XCVersionGroup;
			children = (
				65E3ED3F2B18F18100DFB145 /* ExampleDatabase.xcdatamodel */,
			);
			currentVersion = 65E3ED3F2B18F18100DFB145 /* ExampleDatabase.xcdatamodel */;
			path = ExampleDatabase.xcdatamodeld;
			sourceTree = "<group>";
			versionGroupType = wrapper.xcdatamodel;
		};
/* End XCVersionGroup section */
	};
	rootObject = 65292CF52B17D90400A3500D /* Project object */;
}
